
Microsoft Visual Studio Solution File, Format Version 11.00
# Visual Studio 2010
Project("{FAE04EC0-301F-11D3-BF4B-00C04F79EFBC}") = "Assembly-CSharp", "Assembly-CSharp.csproj", "{965B43A5-C588-593C-E6F6-C93B5D4C4989}"
EndProject
Project("{FAE04EC0-301F-11D3-BF4B-00C04F79EFBC}") = "Assembly-CSharp-Editor", "Assembly-CSharp-Editor.csproj", "{A15BCA90-8A3A-F557-501C-1E7C82AA962C}"
EndProject
Global
	GlobalSection(SolutionConfigurationPlatforms) = preSolution
		Debug|Any CPU = Debug|Any CPU
		Release|Any CPU = Release|Any CPU
	EndGlobalSection
	GlobalSection(ProjectConfigurationPlatforms) = postSolution
		{965B43A5-C588-593C-E6F6-C93B5D4C4989}.Debug|Any CPU.ActiveCfg = Debug|Any CPU
		{965B43A5-C588-593C-E6F6-C93B5D4C4989}.Debug|Any CPU.Build.0 = Debug|Any CPU
		{965B43A5-C588-593C-E6F6-C93B5D4C4989}.Release|Any CPU.ActiveCfg = Release|Any CPU
		{965B43A5-C588-593C-E6F6-C93B5D4C4989}.Release|Any CPU.Build.0 = Release|Any CPU
		{A15BCA90-8A3A-F557-501C-1E7C82AA962C}.Debug|Any CPU.ActiveCfg = Debug|Any CPU
		{A15BCA90-8A3A-F557-501C-1E7C82AA962C}.Debug|Any CPU.Build.0 = Debug|Any CPU
		{A15BCA90-8A3A-F557-501C-1E7C82AA962C}.Release|Any CPU.ActiveCfg = Release|Any CPU
		{A15BCA90-8A3A-F557-501C-1E7C82AA962C}.Release|Any CPU.Build.0 = Release|Any CPU
	EndGlobalSection
	GlobalSection(SolutionProperties) = preSolution
		HideSolutionNode = FALSE
	EndGlobalSection
EndGlobal
